
Microsoft Visual Studio Solution File, Format Version 12.00
# Visual Studio Version 16
VisualStudioVersion = 16.0.32002.261
MinimumVisualStudioVersion = 10.0.40219.1
Project("{9A19103F-16F7-4668-BE54-9A1E7A4F7556}") = "Handlebars.Net.ViewEngine", "HandlebarsViewEngine\Handlebars.Net.ViewEngine.csproj", "{B100968C-BF3C-4E80-86E1-7DF57753641E}"
EndProject
Project("{9A19103F-16F7-4668-BE54-9A1E7A4F7556}") = "Handlebars.Net.ViewEngine.Web", "HandlebarsViewEngine.Web\Handlebars.Net.ViewEngine.Web.csproj", "{0AFFDF1A-286C-46F2-971F-2B94CFE1A626}"
EndProject
Global
	GlobalSection(SolutionConfigurationPlatforms) = preSolution
		Debug|Any CPU = Debug|Any CPU
		Release|Any CPU = Release|Any CPU
	EndGlobalSection
	GlobalSection(ProjectConfigurationPlatforms) = postSolution
		{B100968C-BF3C-4E80-86E1-7DF57753641E}.Debug|Any CPU.ActiveCfg = Debug|Any CPU
		{B100968C-BF3C-4E80-86E1-7DF57753641E}.Debug|Any CPU.Build.0 = Debug|Any CPU
		{B100968C-BF3C-4E80-86E1-7DF57753641E}.Release|Any CPU.ActiveCfg = Release|Any CPU
		{B100968C-BF3C-4E80-86E1-7DF57753641E}.Release|Any CPU.Build.0 = Release|Any CPU
		{0AFFDF1A-286C-46F2-971F-2B94CFE1A626}.Debug|Any CPU.ActiveCfg = Debug|Any CPU
		{0AFFDF1A-286C-46F2-971F-2B94CFE1A626}.Debug|Any CPU.Build.0 = Debug|Any CPU
		{0AFFDF1A-286C-46F2-971F-2B94CFE1A626}.Release|Any CPU.ActiveCfg = Release|Any CPU
		{0AFFDF1A-286C-46F2-971F-2B94CFE1A626}.Release|Any CPU.Build.0 = Release|Any CPU
	EndGlobalSection
	GlobalSection(SolutionProperties) = preSolution
		HideSolutionNode = FALSE
	EndGlobalSection
	GlobalSection(ExtensibilityGlobals) = postSolution
		SolutionGuid = {4F639F0C-3F5A-4193-A2F5-6CBC7A7B3391}
	EndGlobalSection
EndGlobal
